
Microsoft Visual Studio Solution File, Format Version 12.00
# Visual Studio Version 17
VisualStudioVersion = 17.5.33424.131
MinimumVisualStudioVersion = 10.0.40219.1
Project("{FAE04EC0-301F-11D3-BF4B-00C04F79EFBC}") = "StacktimBCAPI", "StacktimBCAPI.csproj", "{90E599DA-BAE9-4DE4-BD94-50763A1B1C2B}"
EndProject
Global
	GlobalSection(SolutionConfigurationPlatforms) = preSolution
		Debug|Any CPU = Debug|Any CPU
		Release|Any CPU = Release|Any CPU
	EndGlobalSection
	GlobalSection(ProjectConfigurationPlatforms) = postSolution
		{90E599DA-BAE9-4DE4-BD94-50763A1B1C2B}.Debug|Any CPU.ActiveCfg = Debug|Any CPU
		{90E599DA-BAE9-4DE4-BD94-50763A1B1C2B}.Debug|Any CPU.Build.0 = Debug|Any CPU
		{90E599DA-BAE9-4DE4-BD94-50763A1B1C2B}.Release|Any CPU.ActiveCfg = Release|Any CPU
		{90E599DA-BAE9-4DE4-BD94-50763A1B1C2B}.Release|Any CPU.Build.0 = Release|Any CPU
	EndGlobalSection
	GlobalSection(SolutionProperties) = preSolution
		HideSolutionNode = FALSE
	EndGlobalSection
	GlobalSection(ExtensibilityGlobals) = postSolution
		SolutionGuid = {66E5561E-B695-469C-968F-A4B107A91907}
	EndGlobalSection
EndGlobal
